
Microsoft Visual Studio Solution File, Format Version 12.00
# Visual Studio Version 17
VisualStudioVersion = 17.3.32811.315
MinimumVisualStudioVersion = 10.0.40219.1
Project("{FAE04EC0-301F-11D3-BF4B-00C04F79EFBC}") = "SeleniumTests", "SeleniumTests.csproj", "{4703B023-B2A3-4A7E-85E0-80BBE95076AE}"
EndProject
Global
	GlobalSection(SolutionConfigurationPlatforms) = preSolution
		Debug|Any CPU = Debug|Any CPU
		Release|Any CPU = Release|Any CPU
	EndGlobalSection
	GlobalSection(ProjectConfigurationPlatforms) = postSolution
		{4703B023-B2A3-4A7E-85E0-80BBE95076AE}.Debug|Any CPU.ActiveCfg = Debug|Any CPU
		{4703B023-B2A3-4A7E-85E0-80BBE95076AE}.Debug|Any CPU.Build.0 = Debug|Any CPU
		{4703B023-B2A3-4A7E-85E0-80BBE95076AE}.Release|Any CPU.ActiveCfg = Release|Any CPU
		{4703B023-B2A3-4A7E-85E0-80BBE95076AE}.Release|Any CPU.Build.0 = Release|Any CPU
	EndGlobalSection
	GlobalSection(SolutionProperties) = preSolution
		HideSolutionNode = FALSE
	EndGlobalSection
	GlobalSection(ExtensibilityGlobals) = postSolution
		SolutionGuid = {A705DC67-BAD6-4B6D-83D4-25F41C6FAE36}
	EndGlobalSection
EndGlobal
